// !$*UTF8*$!
{
	archiveVersion = 1;
	classes = {
	};
	objectVersion = 48;
	objects = {

/* Begin PBXGroup section */
		0876FDC31F8D6BA8002C54DD = {
			isa = PBXGroup;
			children = (
			);
			sourceTree = "<group>";
		};
/* End PBXGroup section */

/* Begin PBXProject section */
		0876FDC41F8D6BA8002C54DD /* Project object */ = {
			isa = PBXProject;
			attributes = {
				LastUpgradeCheck = 0900;
			};
			buildConfigurationList = 0876FDC71F8D6BA8002C54DD /* Build configuration list for PBXProject "LRUCache" */;
			compatibilityVersion = "Xcode 8.0";
			developmentRegion = en;
			hasScannedForEncodings = 0;
			knownRegions = (
				en,
			);
			mainGroup = 0876FDC31F8D6BA8002C54DD;
			projectDirPath = "";
			projectRoot = "";
			targets = (
			);
		};
/* End PBXProject section */

/* Begin XCBuildConfiguration section */
		0876FDC81F8D6BA8002C54DD /* Debug */ = {
			isa = XCBuildConfiguration;
			buildSettings = {
			};
			name = Debug;
		};
		0876FDC91F8D6BA8002C54DD /* Release */ = {
			isa = XCBuildConfiguration;
			buildSettings = {
			};
			name = Release;
		};
/* End XCBuildConfiguration section */

/* Begin XCConfigurationList section */
		0876FDC71F8D6BA8002C54DD /* Build configuration list for PBXProject "LRUCache" */ = {
			isa = XCConfigurationList;
			buildConfigurations = (
				0876FDC81F8D6BA8002C54DD /* Debug */,
				0876FDC91F8D6BA8002C54DD /* Release */,
			);
			defaultConfigurationIsVisible = 0;
			defaultConfigurationName = Release;
		};
/* End XCConfigurationList section */
	};
	rootObject = 0876FDC41F8D6BA8002C54DD /* Project object */;
}
